
Microsoft Visual Studio Solution File, Format Version 12.00
# Visual Studio Version 16
VisualStudioVersion = 16.0.30011.22
MinimumVisualStudioVersion = 10.0.40219.1
Project("{888888A0-9F3D-457C-B088-3A5042F75D52}") = "JoggingTimesAPI.Integration.Test", "JoggingTimesAPI.Integration.Test.pyproj", "{59F45DA9-8123-4865-9520-D610C59E8D1D}"
EndProject
Global
	GlobalSection(SolutionConfigurationPlatforms) = preSolution
		Debug|Any CPU = Debug|Any CPU
		Release|Any CPU = Release|Any CPU
	EndGlobalSection
	GlobalSection(ProjectConfigurationPlatforms) = postSolution
		{59F45DA9-8123-4865-9520-D610C59E8D1D}.Debug|Any CPU.ActiveCfg = Debug|Any CPU
		{59F45DA9-8123-4865-9520-D610C59E8D1D}.Release|Any CPU.ActiveCfg = Release|Any CPU
	EndGlobalSection
	GlobalSection(SolutionProperties) = preSolution
		HideSolutionNode = FALSE
	EndGlobalSection
	GlobalSection(ExtensibilityGlobals) = postSolution
		SolutionGuid = {89BB2CDB-8E91-4587-93DD-75D98CB6F808}
	EndGlobalSection
EndGlobal
